{
  "name": "miniprogram",
  "version": "1.0.0",
  "lockfileVersion": 2,
  "requires": true,
  "packages": {
    "": {
      "name": "miniprogram",
      "version": "1.0.0",
      "license": "ISC",
      "dependencies": {
        "tdesign-miniprogram": "^1.1.5",
        "weapp-qrcode-canvas-2d": "^1.1.2"
      }
    },
    "node_modules/dayjs": {
      "version": "1.11.7",
      "resolved": "https://registry.npmjs.org/dayjs/-/dayjs-1.11.7.tgz",
      "integrity": "sha512-+Yw9U6YO5TQohxLcIkrXBeY73WP3ejHWVvx8XCk3gxvQDCTEmS48ZrSZCKciI7Bhl/uCMyxYtE9UqRILmFphkQ=="
    },
    "node_modules/tdesign-miniprogram": {
      "version": "1.1.5",
      "resolved": "https://registry.npmjs.org/tdesign-miniprogram/-/tdesign-miniprogram-1.1.5.tgz",
      "integrity": "sha512-t5tayAvVWlnCKAqfLjfn7liDmgS86fuI7KCAHlGHwLn7DVIifwLby8V1T/rFpveGhEx9f1okBb3ciM+AVlpRRg==",
      "dependencies": {
        "dayjs": "^1.10.7"
      }
    },
    "node_modules/weapp-qrcode-canvas-2d": {
      "version": "1.1.2",
      "resolved": "https://registry.npmjs.org/weapp-qrcode-canvas-2d/-/weapp-qrcode-canvas-2d-1.1.2.tgz",
      "integrity": "sha512-HQef+xpZiiWDcq8aLZdXnVdNljoYsEWiEKiBYnAnfgqXTeYfC8ApzoB9pMI5mnPFbhtu5xCi8oId1g/86uUl8Q=="
    }
  },
  "dependencies": {
    "dayjs": {
      "version": "1.11.7",
      "resolved": "https://registry.npmjs.org/dayjs/-/dayjs-1.11.7.tgz",
      "integrity": "sha512-+Yw9U6YO5TQohxLcIkrXBeY73WP3ejHWVvx8XCk3gxvQDCTEmS48ZrSZCKciI7Bhl/uCMyxYtE9UqRILmFphkQ=="
    },
    "tdesign-miniprogram": {
      "version": "1.1.5",
      "resolved": "https://registry.npmjs.org/tdesign-miniprogram/-/tdesign-miniprogram-1.1.5.tgz",
      "integrity": "sha512-t5tayAvVWlnCKAqfLjfn7liDmgS86fuI7KCAHlGHwLn7DVIifwLby8V1T/rFpveGhEx9f1okBb3ciM+AVlpRRg==",
      "requires": {
        "dayjs": "^1.10.7"
      }
    },
    "weapp-qrcode-canvas-2d": {
      "version": "1.1.2",
      "resolved": "https://registry.npmjs.org/weapp-qrcode-canvas-2d/-/weapp-qrcode-canvas-2d-1.1.2.tgz",
      "integrity": "sha512-HQef+xpZiiWDcq8aLZdXnVdNljoYsEWiEKiBYnAnfgqXTeYfC8ApzoB9pMI5mnPFbhtu5xCi8oId1g/86uUl8Q=="
    }
  }
}
